
Microsoft Visual Studio Solution File, Format Version 12.00
# Visual Studio Version 17
VisualStudioVersion = 17.5.33516.290
MinimumVisualStudioVersion = 10.0.40219.1
Project("{FAE04EC0-301F-11D3-BF4B-00C04F79EFBC}") = "RPI-social__survey", "RPI-social__survey\RPI-social__survey.csproj", "{0F994C44-47B3-492B-9AAB-3070DF057F07}"
EndProject
Global
	GlobalSection(SolutionConfigurationPlatforms) = preSolution
		Debug|Any CPU = Debug|Any CPU
		Release|Any CPU = Release|Any CPU
	EndGlobalSection
	GlobalSection(ProjectConfigurationPlatforms) = postSolution
		{0F994C44-47B3-492B-9AAB-3070DF057F07}.Debug|Any CPU.ActiveCfg = Debug|Any CPU
		{0F994C44-47B3-492B-9AAB-3070DF057F07}.Debug|Any CPU.Build.0 = Debug|Any CPU
		{0F994C44-47B3-492B-9AAB-3070DF057F07}.Release|Any CPU.ActiveCfg = Release|Any CPU
		{0F994C44-47B3-492B-9AAB-3070DF057F07}.Release|Any CPU.Build.0 = Release|Any CPU
	EndGlobalSection
	GlobalSection(SolutionProperties) = preSolution
		HideSolutionNode = FALSE
	EndGlobalSection
	GlobalSection(ExtensibilityGlobals) = postSolution
		SolutionGuid = {F12A5340-F6D4-4D8D-A2B9-FE51A06C7952}
	EndGlobalSection
EndGlobal
